lockfileVersion: '9.0'

settings:
  autoInstallPeers: true
  excludeLinksFromLockfile: false

importers:

  .:
    dependencies:
      citty:
        specifier: ^0.2.2
        version: 0.2.2
      picomatch:
        specifier: ^4.0.2
        version: 4.0.5
      yaml:
        specifier: ^2.5.0
        version: 2.9.0
    devDependencies:
      '@types/node':
        specifier: ^24.0.0
        version: 24.13.3
      '@types/picomatch':
        specifier: ^3.0.1
        version: 3.0.2
      typescript:
        specifier: ^5.6.0
        version: 5.9.3

packages:

  '@types/node@24.13.3':
    resolution: {integrity: sha512-Dh8vAsV36ig5wa9OX4pXvMc9D3Veibfw2wix0CUwYODLD8nkj9UsLjASr49nPg+2eKzxhBV+v7L8pXvT4e639Q==}

  '@types/picomatch@3.0.2':
    resolution: {integrity: sha512-n0i8TD3UDB7paoMMxA3Y65vUncFJXjcUf7lQY7YyKGl6031FNjfsLs6pdLFCy2GNFxItPJG8GvvpbZc2skH7WA==}

  citty@0.2.2:
    resolution: {integrity: sha512-+6vJA3L98yv+IdfKGZHBNiGW5KHn22e/JwID0Strsz8h4S/csAu/OuICwxrg44k5MRiZHWIo8XXuJgQTriRP4w==}

  picomatch@4.0.5:
    resolution: {integrity: sha512-RvwwcruNjI1ncT5xRakeyS9Lf8lcItv34KD+aif+VH9kduAyfYBipGh12274xtenIPZ119/R9BdTBa8gAwSh0A==}
    engines: {node: '>=12'}

  typescript@5.9.3:
    resolution: {integrity: sha512-jl1vZzPDinLr9eUt3J/t7V6FgNEw9QjvBPdysz9KfQDD41fQrC2Y4vKQdiaUpFT4bXlb1RHhLpp8wtm6M5TgSw==}
    engines: {node: '>=14.17'}
    hasBin: true

  undici-types@7.18.2:
    resolution: {integrity: sha512-AsuCzffGHJybSaRrmr5eHr81mwJU3kjw6M+uprWvCXiNeN9SOGwQ3Jn8jb8m3Z6izVgknn1R0FTCEAP2QrLY/w==}

  yaml@2.9.0:
    resolution: {integrity: sha512-2AvhNX3mb8zd6Zy7INTtSpl1F15HW6Wnqj0srWlkKLcpYl/gMIMJiyuGq2KeI2YFxUPjdlB+3Lc10seMLtL4cA==}
    engines: {node: '>= 14.6'}
    hasBin: true

snapshots:

  '@types/node@24.13.3':
    dependencies:
      undici-types: 7.18.2

  '@types/picomatch@3.0.2': {}

  citty@0.2.2: {}

  picomatch@4.0.5: {}

  typescript@5.9.3: {}

  undici-types@7.18.2: {}

  yaml@2.9.0: {}
